github.com/FloatTech/floatbox v0.0.0-20240505082030-226ec6713e14 h1:8O0Iq9MnKsKowltY9txhOqcJdmGTjxHPQ4gEYzbJc9A=
github.com/FloatTech/floatbox v0.0.0-20240505082030-226ec6713e14/go.mod h1:OzGLhvmtz1TKIdGaJDd8pQumvD36UqK+dWsiCISmzQQ=
github.com/FloatTech/gg v1.1.3 h1:+GlL02lTKsxJQr4WCuNwVxC1/eBZrCvypCIBtxuOFb4=
github.com/FloatTech/gg v1.1.3/go.mod h1:/9oLP54CMfq4r+71XL26uaFTJ1uL1boAyX67680/1HE=
github.com/FloatTech/imgfactory v0.2.2-0.20230315152233-49741fc994f9 h1:IzZLuM/fgKclyMaU/Qb1qlLdGrs2FTietkqOWhh07Gw=
github.com/FloatTech/imgfactory v0.2.2-0.20230315152233-49741fc994f9/go.mod h1:el5hGpj1C1bDRxcTXYRwEivDCr40zZeJpcrLrB1fajs=
github.com/FloatTech/rendercard v0.1.2 h1:W4SF9fSxv6Ava+kIUI0T1ILOjId/cgZ0huuEpMpHJbU=
github.com/FloatTech/rendercard v0.1.2/go.mod h1:Sbojcy1t3NfFz7/WicZRmR/uKFxNMYkKF8qHx69dxY0=
github.com/FloatTech/sqlite v1.7.0 h1:FGSn4pCR12kESozn7IvNx3U39dwR/AcFM9oPyGACsl0=
github.com/FloatTech/sqlite v1.7.0/go.mod h1:/4tzfCGhrZnnjC1U8vcfwGQeF6eR649fhOsS3+Le0+s=
github.com/FloatTech/ttl v0.0.0-20240716161252-965925764562 h1:snfw7FNFym1eNnLrQ/VCf80LiQo9C7jHgrunZDwiRcY=
github.com/FloatTech/ttl v0.0.0-20240716161252-965925764562/go.mod h1:fHZFWGquNXuHttu9dUYoKuNbm3dzLETnIOnm1muSfDs=
github.com/FloatTech/zbpctrl v1.7.0 h1:Hxo6EIhJo+pHjcQP9QgIJgluaT1pHH99zkk3njqTNMo=
github.com/FloatTech/zbpctrl v1.7.0/go.mod h1:xmM4dSwHA02Gei3ogCRiG+RTrw/7Z69PfrN5NYf8BPE=
github.com/KomeiDiSanXian/zbputils v0.0.0-20230923095115-55ba2c51620d h1:xDRTbCeUNaCWSzSqlmbOJE7VqTtYgn5tNKeCZmy9eyU=
github.com/KomeiDiSanXian/zbputils v0.0.0-20230923095115-55ba2c51620d/go.mod h1:6DMCU2lhpS1x6BjM15XGzlAUcEPTKqjUaalmbJED198=
github.com/PuerkitoBio/goquery v1.5.1/go.mod h1:GsLWisAFVj4WgDibEWF4pvYnkVQBpKBKeU+7zCJoLcc=
github.com/RomiChan/syncx v0.0.0-20240418144900-b7402ffdebc7 h1:S/ferNiehVjNaBMNNBxUjLtVmP/YWD6Yh79RfPv4ehU=
github.com/RomiChan/syncx v0.0.0-20240418144900-b7402ffdebc7/go.mod h1:vD7Ra3Q9onRtojoY5sMCLQ7JBgjUsrXDnDKyFxqpf9w=
github.com/RomiChan/websocket v1.4.3-0.20220227141055-9b2c6168c9c5 h1:bBmmB7he0iVN4m5mcehfheeRUEer/Avo4ujnxI3uCqs=
github.com/RomiChan/websocket v1.4.3-0.20220227141055-9b2c6168c9c5/go.mod h1:0UcFaCkhp6vZw6l5Dpq0Dp673CoF9GdvA8lTfst0GiU=
github.com/andybalholm/cascadia v1.1.0/go.mod h1:GsXiBklL0woXo1j/WYWtSYYC4ouU9PqHO0sqidkEA4Y=
github.com/boombuler/barcode v1.0.1-0.20190219062509-6c824513bacc/go.mod h1:paBWMcWSl3LHKBqUq+rly7CNSldXjb2rDl3JlRe0mD8=
github.com/boombuler/barcode v1.0.1 h1:NDBbPmhS+EqABEs5Kg3n/5ZNjy73Pz7SIV+KCeqyXcs=
github.com/boombuler/barcode v1.0.1/go.mod h1:paBWMcWSl3LHKBqUq+rly7CNSldXjb2rDl3JlRe0mD8=
github.com/cenkalti/backoff/v4 v4.3.0 h1:MyRJ/UdXutAwSAT+s3wNd7MfTIcy71VQueUuFK343L8=
github.com/cenkalti/backoff/v4 v4.3.0/go.mod h1:Y3VNntkOUPxTVeUxJ/G5vcM//AlwfmyYozVcomhLiZE=
github.com/davecgh/go-spew v1.1.0/go.mod h1:J7Y8YcW2NihsgmVo/mv3lAwl/skON4iLHjSsI+c5H38=
github.com/davecgh/go-spew v1.1.1/go.mod h1:J7Y8YcW2NihsgmVo/mv3lAwl/skON4iLHjSsI+c5H38=
github.com/davecgh/go-spew v1.1.2-0.20180830191138-d8f796af33cc h1:U9qPSI2PIWSS1VwoXQT9A3Wy9MM3WgvqSxFWenqJduM=
github.com/davecgh/go-spew v1.1.2-0.20180830191138-d8f796af33cc/go.mod h1:J7Y8YcW2NihsgmVo/mv3lAwl/skON4iLHjSsI+c5H38=
github.com/denisenkom/go-mssqldb v0.0.0-20191124224453-732737034ffd h1:83Wprp6ROGeiHFAP8WJdI2RoxALQYgdllERc3N5N2DM=
github.com/denisenkom/go-mssqldb v0.0.0-20191124224453-732737034ffd/go.mod h1:xbL0rPBG9cCiLr28tMa8zpbdarY27NDyej4t/EjAShU=
github.com/disintegration/imaging v1.6.2 h1:w1LecBlG2Lnp8B3jk5zSuNqd7b4DXhcjwek1ei82L+c=
github.com/disintegration/imaging v1.6.2/go.mod h1:44/5580QXChDfwIclfc/PCwrr44amcmDAg8hxG0Ewe4=
github.com/dustin/go-humanize v1.0.1 h1:GzkhY7T5VNhEkwH0PVJgjz+fX1rhBrR7pRT3mDkpeCY=
github.com/dustin/go-humanize v1.0.1/go.mod h1:Mu1zIs6XwVuF/gI1OepvI0qD18qycQx+mFykh5fBlto=
github.com/ericpauley/go-quantize v0.0.0-20200331213906-ae555eb2afa4 h1:BBade+JlV/f7JstZ4pitd4tHhpN+w+6I+LyOS7B4fyU=
github.com/ericpauley/go-quantize v0.0.0-20200331213906-ae555eb2afa4/go.mod h1:H7chHJglrhPPzetLdzBleF8d22WYOv7UM/lEKYiwlKM=
github.com/erikstmartin/go-testdb v0.0.0-20160219214506-8d10e4a1bae5 h1:Yzb9+7DPaBjB8zlTR87/ElzFsnQfuHnVUVqpZZIcV5Y=
github.com/erikstmartin/go-testdb v0.0.0-20160219214506-8d10e4a1bae5/go.mod h1:a2zkGnVExMxdzMo3M0Hi/3sEU+cWnZpSni0O6/Yb/P0=
github.com/frankban/quicktest v1.14.6 h1:7Xjx+VpznH+oBnejlPUj8oUpdxnVs4f8XU8WnHkI4W8=
github.com/frankban/quicktest v1.14.6/go.mod h1:4ptaffx2x8+WTWXmUCuVU6aPUX1/Mz7zb5vbUoiM6w0=
github.com/fsnotify/fsnotify v1.8.0 h1:dAwr6QBTBZIkG8roQaJjGof0pp0EeF+tNV7YBP3F/8M=
github.com/fsnotify/fsnotify v1.8.0/go.mod h1:8jBTzvmWwFyi3Pb8djgCCO5IBqzKJ/Jwo8TRcHyHii0=
github.com/fumiama/bigfft v0.0.0-20211011143303-6e0bfa3c836b h1:Zt3pFQditAdWTHCOVkiloc9ZauBoWrb37guFV4iIRvE=
github.com/fumiama/bigfft v0.0.0-20211011143303-6e0bfa3c836b/go.mod h1:qqbHyh8v60DhA7CoWK5oRCqLrMHRGoxYCSS9EjAz6Eo=
github.com/fumiama/cron v1.3.0 h1:ZWlwuexF+HQHl3cYytEE5HNwD99q+3vNZF1GrEiXCFo=
github.com/fumiama/cron v1.3.0/go.mod h1:bz5Izvgi/xEUI8tlBN8BI2jr9Moo8N4or0KV8xXuPDY=
github.com/fumiama/go-base16384 v1.7.0 h1:6fep7XPQWxRlh4Hu+KsdH+6+YdUp+w6CwRXtMWSsXCA=
github.com/fumiama/go-base16384 v1.7.0/go.mod h1:OEn+947GV5gsbTAnyuUW/SrfxJYUdYupSIQXOuGOcXM=
github.com/fumiama/go-registry v0.2.7 h1:tLEqgEpsiybQMqBv0dLHm5leia/z1DhajMupwnOHeNs=
github.com/fumiama/go-registry v0.2.7/go.mod h1:m+wp5fF8dYgVoFkBPZl+vlK90loymaJE0JCtocVQLEs=
github.com/fumiama/go-simple-protobuf v0.2.0 h1:ACyN1MAlu7pDR3EszWgzUeNP+IRsSHwH6V9JCJA5R5o=
github.com/fumiama/go-simple-protobuf v0.2.0/go.mod h1:5yYNapXq1tQMOZg9bOIVhQlZk9pQqpuFIO4DZLbsdy4=
github.com/fumiama/gofastTEA v0.0.10 h1:JJJ+brWD4kie+mmK2TkspDXKzqq0IjXm89aGYfoGhhQ=
github.com/fumiama/gofastTEA v0.0.10/go.mod h1:RIdbYZyB4MbH6ZBlPymRaXn3cD6SedlCu5W/HHfMPBk=
github.com/fumiama/imgsz v0.0.4 h1:Lsasu2hdSSFS+vnD+nvR1UkiRMK7hcpyYCC0FzgSMFI=
github.com/fumiama/imgsz v0.0.4/go.mod h1:bISOQVTlw9sRytPwe8ir7tAaEmyz9hSNj9n8mXMBG0E=
github.com/fumiama/sqlite3 v1.20.0-with-win386 h1:ZR1AXGBEtkfq9GAXehOVcwn+aaCG8itrkgEsz4ggx5k=
github.com/fumiama/sqlite3 v1.20.0-with-win386/go.mod h1:Os58MHwYCcYZCy2PGChBrQtBAw5/LS1ZZOkfc+C/I7s=
github.com/fumiama/terasu v0.0.0-20240507144117-547a591149c0 h1:So/3Bg/m2ZcUvqCzzEjjkjHBjcvnV3AN5tCxwsdMwYU=
github.com/fumiama/terasu v0.0.0-20240507144117-547a591149c0/go.mod h1:UVx8YP1jKKL1Cj+uy+OnQRM2Ih6U36Mqy9GSf7jabsI=
github.com/go-logr/logr v1.2.2/go.mod h1:jdQByPbusPIv2/zmleS9BjJVeZ6kBagPoEUsqbVz/1A=
github.com/go-logr/logr v1.4.2 h1:6pFjapn8bFcIbiKo3XT4j/BhANplGihG6tvd+8rYgrY=
github.com/go-logr/logr v1.4.2/go.mod h1:9T104GzyrTigFIr8wt5mBrctHMim0Nb2HLGrmQ40KvY=
github.com/go-logr/stdr v1.2.2 h1:hSWxHoqTgW2S2qGc0LTAI563KZ5YKYRhT3MFKZMbjag=
github.com/go-logr/stdr v1.2.2/go.mod h1:mMo/vtBO5dYbehREoey6XUKy/eSumjCCveDpRre4VKE=
github.com/go-playground/assert/v2 v2.2.0 h1:JvknZsQTYeFEAhQwI4qEt9cyV5ONwRHC+lYKSsYSR8s=
github.com/go-playground/assert/v2 v2.2.0/go.mod h1:VDjEfimB/XKnb+ZQfWdccd7VUvScMdVu0Titje2rxJ4=
github.com/go-sql-driver/mysql v1.5.0 h1:ozyZYNQW3x3HtqT1jira07DN2PArx2v7/mN66gGcHOs=
github.com/go-sql-driver/mysql v1.5.0/go.mod h1:DCzpHaOWr8IXmIStZouvnhqoel9Qv2LBy8hT2VhHyBg=
github.com/golang-sql/civil v0.0.0-20190719163853-cb61b32ac6fe h1:lXe2qZdvpiX5WZkZR4hgp4KJVfY3nMkvmwbVkpv1rVY=
github.com/golang-sql/civil v0.0.0-20190719163853-cb61b32ac6fe/go.mod h1:8vg3r2VgvsThLBIFL93Qb5yWzgyZWhEmBwUJWevAkK0=
github.com/golang/freetype v0.0.0-20170609003504-e2365dfdc4a0 h1:DACJavvAHhabrF08vX0COfcOBJRhZ8lUbR+ZWIs0Y5g=
github.com/golang/freetype v0.0.0-20170609003504-e2365dfdc4a0/go.mod h1:E/TSTwGwJL78qG/PmXZO1EjYhfJinVAhrmmHX6Z8B9k=
github.com/google/go-cmp v0.6.0 h1:ofyhxvXcZhMsU5ulbFiLKl/XBFqE1GSq7atu8tAmTRI=
github.com/google/go-cmp v0.6.0/go.mod h1:17dUlkBOakJ0+DkrSSNjCkIjxS6bF9zb3elmeNGIjoY=
github.com/google/uuid v1.6.0 h1:NIvaJDMOsjHA8n1jAhLSgzrAzy1Hgr+hNrb57e+94F0=
github.com/google/uuid v1.6.0/go.mod h1:TIyPZe4MgqvfeYDBFedMoGGpEw/LqOeaOT+nhxU+yHo=
github.com/grpc-ecosystem/grpc-gateway/v2 v2.23.0 h1:ad0vkEBuk23VJzZR9nkLVG0YAoN9coASF1GusYX6AlU=
github.com/grpc-ecosystem/grpc-gateway/v2 v2.23.0/go.mod h1:igFoXX2ELCW06bol23DWPB5BEWfZISOzSP5K2sbLea0=
github.com/hashicorp/hcl v1.0.0 h1:0Anlzjpi4vEasTeNFn2mLJgTSwt0+6sfsiTG8qcWGx4=
github.com/hashicorp/hcl v1.0.0/go.mod h1:E5yfLk+7swimpb2L/Alb/PJmXilQ/rhwaUYs4T20WEQ=
github.com/jinzhu/gorm v1.9.16 h1:+IyIjPEABKRpsu/F8OvDPy9fyQlgsg2luMV2ZIH5i5o=
github.com/jinzhu/gorm v1.9.16/go.mod h1:G3LB3wezTOWM2ITLzPxEXgSkOXAntiLHS7UdBefADcs=
github.com/jinzhu/inflection v1.0.0 h1:K317FqzuhWc8YvSVlFMCCUb36O/S9MCKRDI7QkRKD/E=
github.com/jinzhu/inflection v1.0.0/go.mod h1:h+uFLlag+Qp1Va5pdKtLDYj+kHp5pxUVkryuEj+Srlc=
github.com/jinzhu/now v1.0.1/go.mod h1:d3SSVoowX0Lcu0IBviAWJpolVfI5UJVZZ7cO71lE/z8=
github.com/jinzhu/now v1.1.5 h1:/o9tlHleP7gOFmsnYNz3RGnqzefHA47wQpKrrdTIwXQ=
github.com/jinzhu/now v1.1.5/go.mod h1:d3SSVoowX0Lcu0IBviAWJpolVfI5UJVZZ7cO71lE/z8=
github.com/kr/pretty v0.3.1 h1:flRD4NNwYAUpkphVc1HcthR4KEIFJ65n8Mw5qdRn3LE=
github.com/kr/pretty v0.3.1/go.mod h1:hoEshYVHaxMs3cyo3Yncou5ZscifuDolrwPKZanG3xk=
github.com/kr/text v0.2.0 h1:5Nx0Ya0ZqY2ygV366QzturHI13Jq95ApcVaJBhpS+AY=
github.com/kr/text v0.2.0/go.mod h1:eLer722TekiGuMkidMxC/pM04lWEeraHUUmBw8l2grE=
github.com/lib/pq v1.1.1 h1:sJZmqHoEaY7f+NPP8pgLB/WxulyR3fewgCM2qaSlBb4=
github.com/lib/pq v1.1.1/go.mod h1:5WUZQaWbwv1U+lTReE5YruASi9Al49XbQIvNi/34Woo=
github.com/magiconair/properties v1.8.7 h1:IeQXZAiQcpL9mgcAe1Nu6cX9LLw6ExEHKjN0VQdvPDY=
github.com/magiconair/properties v1.8.7/go.mod h1:Dhd985XPs7jluiymwWYZ0G4Z61jb3vdS329zhj2hYo0=
github.com/mattn/go-isatty v0.0.20 h1:xfD0iDuEKnDkl03q4limB+vH+GxLEtL/jb4xVJSWWEY=
github.com/mattn/go-isatty v0.0.20/go.mod h1:W+V8PltTTMOvKvAeJH7IuucS94S2C6jfK/D7dTCTo3Y=
github.com/mattn/go-sqlite3 v1.14.0/go.mod h1:JIl7NbARA7phWnGvh0LKTyg7S9BA+6gx71ShQilpsus=
github.com/mattn/go-sqlite3 v1.14.22 h1:2gZY6PC6kBnID23Tichd1K+Z0oS6nE/XwU+Vz/5o4kU=
github.com/mattn/go-sqlite3 v1.14.22/go.mod h1:Uh1q+B4BYcTPb+yiD3kU8Ct7aC0hY9fxUwlHK0RXw+Y=
github.com/mitchellh/mapstructure v1.5.0 h1:jeMsZIYE/09sWLaz43PL7Gy6RuMjD2eJVyuac5Z2hdY=
github.com/mitchellh/mapstructure v1.5.0/go.mod h1:bFUtVrKA4DC2yAKiSyO/QUcy7e+RRV2QTWOzhPopBRo=
github.com/ncruces/go-strftime v0.1.9 h1:bY0MQC28UADQmHmaF5dgpLmImcShSi2kHU9XLdhx/f4=
github.com/ncruces/go-strftime v0.1.9/go.mod h1:Fwc5htZGVVkseilnfgOVb9mKy6w1naJmn9CehxcKcls=
github.com/pbnjay/memory v0.0.0-20210728143218-7b4eea64cf58 h1:onHthvaw9LFnH4t2DcNVpwGmV9E1BkGknEliJkfwQj0=
github.com/pbnjay/memory v0.0.0-20210728143218-7b4eea64cf58/go.mod h1:DXv8WO4yhMYhSNPKjeNKa5WY9YCIEBRbNzFFPJbWO6Y=
github.com/pelletier/go-toml/v2 v2.2.2 h1:aYUidT7k73Pcl9nb2gScu7NSrKCSHIDE89b3+6Wq+LM=
github.com/pelletier/go-toml/v2 v2.2.2/go.mod h1:1t835xjRzz80PqgE6HHgN2JOsmgYu/h4qDAS4n929Rs=
github.com/pkg/errors v0.9.1 h1:FEBLx1zS214owpjy7qsBeixbURkuhQAwrK5UwLGTwt4=
github.com/pkg/errors v0.9.1/go.mod h1:bwawxfHBFNV+L2hUp1rHADufV3IMtnDRdf1r5NINEl0=
github.com/pmezard/go-difflib v1.0.0/go.mod h1:iKH77koFhYxTK1pcRnkKkqfTogsbg7gZNVY4sRDYZ/4=
github.com/pmezard/go-difflib v1.0.1-0.20181226105442-5d4384ee4fb2 h1:Jamvg5psRIccs7FGNTlIRMkT8wgtp5eCXdBlqhYGL6U=
github.com/pmezard/go-difflib v1.0.1-0.20181226105442-5d4384ee4fb2/go.mod h1:iKH77koFhYxTK1pcRnkKkqfTogsbg7gZNVY4sRDYZ/4=
github.com/pquerna/otp v1.4.0 h1:wZvl1TIVxKRThZIBiwOOHOGP/1+nZyWBil9Y2XNEDzg=
github.com/pquerna/otp v1.4.0/go.mod h1:dkJfzwRKNiegxyNb54X/3fLwhCynbMspSyWKnvi1AEg=
github.com/rogpeppe/go-internal v1.13.1 h1:KvO1DLK/DRN07sQ1LQKScxyZJuNnedQ5/wKSR38lUII=
github.com/rogpeppe/go-internal v1.13.1/go.mod h1:uMEvuHeurkdAXX61udpOXGD/AzZDWNMNyH2VO9fmH0o=
github.com/sagikazarmark/locafero v0.6.0 h1:ON7AQg37yzcRPU69mt7gwhFEBwxI6P9T4Qu3N51bwOk=
github.com/sagikazarmark/locafero v0.6.0/go.mod h1:77OmuIc6VTraTXKXIs/uvUxKGUXjE1GbemJYHqdNjX0=
github.com/sagikazarmark/slog-shim v0.1.0 h1:diDBnUNK9N/354PgrxMywXnAwEr1QZcOr6gto+ugjYE=
github.com/sagikazarmark/slog-shim v0.1.0/go.mod h1:SrcSrq8aKtyuqEI1uvTDTK1arOWRIczQRv+GVI1AkeQ=
github.com/sirupsen/logrus v1.9.3 h1:dueUQJ1C2q9oE3F7wvmSGAaVtTmUizReu6fjN8uqzbQ=
github.com/sirupsen/logrus v1.9.3/go.mod h1:naHLuLoDiP4jHNo9R0sCBMtWGeIprob74mVsIT4qYEQ=
github.com/sourcegraph/conc v0.3.0 h1:OQTbbt6P72L20UqAkXXuLOj79LfEanQ+YQFNpLA9ySo=
github.com/sourcegraph/conc v0.3.0/go.mod h1:Sdozi7LEKbFPqYX2/J+iBAM6HpqSLTASQIKqDmF7Mt0=
github.com/spf13/afero v1.11.0 h1:WJQKhtpdm3v2IzqG8VMqrr6Rf3UYpEF239Jy9wNepM8=
github.com/spf13/afero v1.11.0/go.mod h1:GH9Y3pIexgf1MTIWtNGyogA5MwRIDXGUr+hbWNoBjkY=
github.com/spf13/cast v1.6.0 h1:GEiTHELF+vaR5dhz3VqZfFSzZjYbgeKDpBxQVS4GYJ0=
github.com/spf13/cast v1.6.0/go.mod h1:ancEpBxwJDODSW/UG4rDrAqiKolqNNh2DX3mk86cAdo=
github.com/spf13/pflag v1.0.5 h1:iy+VFUOCP1a+8yFto/drg2CJ5u0yRoB7fZw3DKv/JXA=
github.com/spf13/pflag v1.0.5/go.mod h1:McXfInJRrz4CZXVZOBLb0bTZqETkiAhM9Iw0y3An2Bg=
github.com/spf13/viper v1.19.0 h1:RWq5SEjt8o25SROyN3z2OrDB9l7RPd3lwTWU8EcEdcI=
github.com/spf13/viper v1.19.0/go.mod h1:GQUN9bilAbhU/jgc1bKs99f/suXKeUMct8Adx5+Ntkg=
github.com/stretchr/objx v0.1.0/go.mod h1:HFkY916IF+rwdDfMAkV7OtwuqBVzrE8GR6GFx+wExME=
github.com/stretchr/objx v0.4.0/go.mod h1:YvHI0jy2hoMjB+UWwv71VJQ9isScKT/TqJzVSSt89Yw=
github.com/stretchr/objx v0.5.0/go.mod h1:Yh+to48EsGEfYuaHDzXPcE3xhTkx73EhmCGUpEOglKo=
github.com/stretchr/objx v0.5.2/go.mod h1:FRsXN1f5AsAjCGJKqEizvkpNtU+EGNCLh3NxZ/8L+MA=
github.com/stretchr/testify v1.3.0/go.mod h1:M5WIy9Dh21IEIfnGCwXGc5bZfKNJtfHm1UVUgZn+9EI=
github.com/stretchr/testify v1.7.0/go.mod h1:6Fq8oRcR53rry900zMqJjRRixrwX3KX962/h/Wwjteg=
github.com/stretchr/testify v1.7.1/go.mod h1:6Fq8oRcR53rry900zMqJjRRixrwX3KX962/h/Wwjteg=
github.com/stretchr/testify v1.8.0/go.mod h1:yNjHg4UonilssWZ8iaSj1OCr/vHnekPRkoO+kdMU+MU=
github.com/stretchr/testify v1.8.4/go.mod h1:sz/lmYIOXD/1dqDmKjjqLyZ2RngseejIcXlSw2iwfAo=
github.com/stretchr/testify v1.9.0 h1:HtqpIVDClZ4nwg75+f6Lvsy/wHu+3BoSGCbBAcpTsTg=
github.com/stretchr/testify v1.9.0/go.mod h1:r2ic/lqez/lEtzL7wO/rwa5dbSLXVDPFyf8C91i36aY=
github.com/subosito/gotenv v1.6.0 h1:9NlTDc1FTs4qu0DDq7AEtTPNw6SVm7uBMsUCUjABIf8=
github.com/subosito/gotenv v1.6.0/go.mod h1:Dk4QP5c2W3ibzajGcXpNraDfq2IrhjMIvMSWPKKo0FU=
github.com/tidwall/gjson v1.18.0 h1:FIDeeyB800efLX89e5a8Y0BNH+LOngJyGrIWxG2FKQY=
github.com/tidwall/gjson v1.18.0/go.mod h1:/wbyibRr2FHMks5tjHJ5F8dMZh3AcwJEMf5vlfC0lxk=
github.com/tidwall/match v1.1.1 h1:+Ho715JplO36QYgwN9PGYNhgZvoUSc9X2c80KVTi+GA=
github.com/tidwall/match v1.1.1/go.mod h1:eRSPERbgtNPcGhD8UCthc6PmLEQXEWd3PRB5JTxsfmM=
github.com/tidwall/pretty v1.2.0/go.mod h1:ITEVvHYasfjBbM0u2Pg8T2nJnzm8xPwvNhhsoaGGjNU=
github.com/tidwall/pretty v1.2.1 h1:qjsOFOWWQl+N3RsoF5/ssm1pHmJJwhjlSbZ51I6wMl4=
github.com/tidwall/pretty v1.2.1/go.mod h1:ITEVvHYasfjBbM0u2Pg8T2nJnzm8xPwvNhhsoaGGjNU=
github.com/wdvxdr1123/ZeroBot v1.8.0 h1:v7m+0kGtL6XQlUH9O/LzmOntDJs2clzVj93YsAWWMbk=
github.com/wdvxdr1123/ZeroBot v1.8.0/go.mod h1:C86nQ0gIdAri4K2vg8IIQIslt08zzrKMcqYt8zhkx1M=
go.opentelemetry.io/otel v1.32.0 h1:WnBN+Xjcteh0zdk01SVqV55d/m62NJLJdIyb4y/WO5U=
go.opentelemetry.io/otel v1.32.0/go.mod h1:00DCVSB0RQcnzlwyTfqtxSm+DRr9hpYrHjNGiBHVQIg=
go.opentelemetry.io/otel/exporters/otlp/otlptrace v1.32.0 h1:IJFEoHiytixx8cMiVAO+GmHR6Frwu+u5Ur8njpFO6Ac=
go.opentelemetry.io/otel/exporters/otlp/otlptrace v1.32.0/go.mod h1:3rHrKNtLIoS0oZwkY2vxi+oJcwFRWdtUyRII+so45p8=
go.opentelemetry.io/otel/exporters/otlp/otlptrace/otlptracehttp v1.32.0 h1:cMyu9O88joYEaI47CnQkxO1XZdpoTF9fEnW2duIddhw=
go.opentelemetry.io/otel/exporters/otlp/otlptrace/otlptracehttp v1.32.0/go.mod h1:6Am3rn7P9TVVeXYG+wtcGE7IE1tsQ+bP3AuWcKt/gOI=
go.opentelemetry.io/otel/metric v1.32.0 h1:xV2umtmNcThh2/a/aCP+h64Xx5wsj8qqnkYZktzNa0M=
go.opentelemetry.io/otel/metric v1.32.0/go.mod h1:jH7CIbbK6SH2V2wE16W05BHCtIDzauciCRLoc/SyMv8=
go.opentelemetry.io/otel/sdk v1.32.0 h1:RNxepc9vK59A8XsgZQouW8ue8Gkb4jpWtJm9ge5lEG4=
go.opentelemetry.io/otel/sdk v1.32.0/go.mod h1:LqgegDBjKMmb2GC6/PrTnteJG39I8/vJCAP9LlJXEjU=
go.opentelemetry.io/otel/trace v1.32.0 h1:WIC9mYrXf8TmY/EXuULKc8hR17vE+Hjv2cssQDe03fM=
go.opentelemetry.io/otel/trace v1.32.0/go.mod h1:+i4rkvCraA+tG6AzwloGaCtkx53Fa+L+V8e9a7YvhT8=
go.opentelemetry.io/proto/otlp v1.3.1 h1:TrMUixzpM0yuc/znrFTP9MMRh8trP93mkCiDVeXrui0=
go.opentelemetry.io/proto/otlp v1.3.1/go.mod h1:0X1WI4de4ZsLrrJNLAQbFeLCm3T7yBkR0XqQ7niQU+8=
go.uber.org/multierr v1.11.0 h1:blXXJkSxSSfBVBlC76pxqeO+LN3aDfLQo+309xJstO0=
go.uber.org/multierr v1.11.0/go.mod h1:20+QtiLqy0Nd6FdQB9TLXag12DsQkrbs3htMFfDN80Y=
golang.org/x/crypto v0.0.0-20190308221718-c2843e01d9a2/go.mod h1:djNgcEr1/C05ACkg1iLfiJU5Ep61QUkGW8qpdssI0+w=
golang.org/x/crypto v0.0.0-20190325154230-a5d413f7728c/go.mod h1:djNgcEr1/C05ACkg1iLfiJU5Ep61QUkGW8qpdssI0+w=
golang.org/x/crypto v0.0.0-20191205180655-e7c4368fe9dd/go.mod h1:LzIPMQfyMNhhGPhUkYOs5KpL4U8rLKemX1yGLhDgUto=
golang.org/x/crypto v0.28.0 h1:GBDwsMXVQi34v5CCYUm2jkJvu4cbtru2U4TN2PSyQnw=
golang.org/x/crypto v0.28.0/go.mod h1:rmgy+3RHxRZMyY0jjAJShp2zgEdOqj2AO7U0pYmeQ7U=
golang.org/x/exp v0.0.0-20240613232115-7f521ea00fb8 h1:yixxcjnhBmY0nkL253HFVIm0JsFHwrHdT3Yh6szTnfY=
golang.org/x/exp v0.0.0-20240613232115-7f521ea00fb8/go.mod h1:jj3sYF3dwk5D+ghuXyeI3r5MFf+NT2An6/9dOA95KSI=
golang.org/x/image v0.0.0-20191009234506-e7c1f5e7dbb8/go.mod h1:FeLwcggjj3mMvU+oOTbSwawSJRM1uh48EjtB4UJZlP0=
golang.org/x/image v0.18.0 h1:jGzIakQa/ZXI1I0Fxvaa9W7yP25TqT6cHIHn+6CqvSQ=
golang.org/x/image v0.18.0/go.mod h1:4yyo5vMFQjVjUcVk4jEQcU9MGy/rulF5WvUILseCM2E=
golang.org/x/mod v0.19.0 h1:fEdghXQSo20giMthA7cd28ZC+jts4amQ3YMXiP5oMQ8=
golang.org/x/mod v0.19.0/go.mod h1:hTbmBsO62+eylJbnUtE2MGJUyE7QWk4xUqPFrRgJ+7c=
golang.org/x/net v0.0.0-20180218175443-cbe0f9307d01/go.mod h1:mL1N/T3taQHkDXs73rZJwtUhF3w3ftmwwsq0BUmARs4=
golang.org/x/net v0.0.0-20190404232315-eb5bcb51f2a3/go.mod h1:t9HGtf8HONx5eT2rtn7q6eTqICYqUVnKs3thJo3Qplg=
golang.org/x/net v0.0.0-20200202094626-16171245cfb2/go.mod h1:z5CRVTTTmAJ677TzLLGU+0bjPO0LkuOLi4/5GtJWs/s=
golang.org/x/net v0.0.0-20200324143707-d3edc9973b7e/go.mod h1:qpuaurCH72eLCgpAm/N6yyVIVM9cpaDIP3A8BGJEC5A=
golang.org/x/net v0.30.0 h1:AcW1SDZMkb8IpzCdQUaIq2sP4sZ4zw+55h6ynffypl4=
golang.org/x/net v0.30.0/go.mod h1:2wGyMJ5iFasEhkwi13ChkO/t1ECNC4X4eBKkVFyYFlU=
golang.org/x/sync v0.9.0 h1:fEo0HyrW1GIgZdpbhCRO0PkJajUS5H9IFUztCgEo2jQ=
golang.org/x/sync v0.9.0/go.mod h1:Czt+wKu1gCyEFDUtn0jG5QVvpJ6rzVqr5aXyt9drQfk=
golang.org/x/sys v0.0.0-20190215142949-d0b11bdaac8a/go.mod h1:STP8DvDyc/dI5b8T5hshtkjS+E42TnysNCUPdjciGhY=
golang.org/x/sys v0.0.0-20190412213103-97732733099d/go.mod h1:h1NjWce9XRLGQEsW7wpKNCjG9DtNlClVuFLEZdDNbEs=
golang.org/x/sys v0.0.0-20200323222414-85ca7c5b95cd/go.mod h1:h1NjWce9XRLGQEsW7wpKNCjG9DtNlClVuFLEZdDNbEs=
golang.org/x/sys v0.0.0-20220715151400-c0bba94af5f8/go.mod h1:oPkhp1MJrh7nUepCBck5+mAzfO9JrbApNNgaTdGDITg=
golang.org/x/sys v0.6.0/go.mod h1:oPkhp1MJrh7nUepCBck5+mAzfO9JrbApNNgaTdGDITg=
golang.org/x/sys v0.28.0 h1:Fksou7UEQUWlKvIdsqzJmUmCX3cZuD2+P3XyyzwMhlA=
golang.org/x/sys v0.28.0/go.mod h1:/VUhepiaJMQUp4+oa/7Zr1D23ma6VTLIYjOOTFZPUcA=
golang.org/x/text v0.3.0/go.mod h1:NqM8EUOU14njkJ3fqMW+pc6Ldnwhi/IjpwHt7yyuwOQ=
golang.org/x/text v0.3.7/go.mod h1:u+2+/6zg+i71rQMx5EYifcz6MCKuco9NR6JIITiCfzQ=
golang.org/x/text v0.20.0 h1:gK/Kv2otX8gz+wn7Rmb3vT96ZwuoxnQlY+HlJVj7Qug=
golang.org/x/text v0.20.0/go.mod h1:D4IsuqiFMhST5bX19pQ9ikHC2GsaKyk/oF+pn3ducp4=
golang.org/x/tools v0.0.0-20180917221912-90fa682c2a6e/go.mod h1:n7NCudcB/nEzxVGmLbDWY5pfWTLqBcC2KZ6jyYvM4mQ=
golang.org/x/tools v0.23.0 h1:SGsXPZ+2l4JsgaCKkx+FQ9YZ5XEtA1GZYuoDjenLjvg=
golang.org/x/tools v0.23.0/go.mod h1:pnu6ufv6vQkll6szChhK3C3L/ruaIv5eBeztNG8wtsI=
google.golang.org/genproto/googleapis/api v0.0.0-20241104194629-dd2ea8efbc28 h1:M0KvPgPmDZHPlbRbaNU1APr28TvwvvdUPlSv7PUvy8g=
google.golang.org/genproto/googleapis/api v0.0.0-20241104194629-dd2ea8efbc28/go.mod h1:dguCy7UOdZhTvLzDyt15+rOrawrpM4q7DD9dQ1P11P4=
google.golang.org/genproto/googleapis/rpc v0.0.0-20241104194629-dd2ea8efbc28 h1:XVhgTWWV3kGQlwJHR3upFWZeTsei6Oks1apkZSeonIE=
google.golang.org/genproto/googleapis/rpc v0.0.0-20241104194629-dd2ea8efbc28/go.mod h1:GX3210XPVPUjJbTUbvwI8f2IpZDMZuPJWDzDuebbviI=
google.golang.org/grpc v1.67.1 h1:zWnc1Vrcno+lHZCOofnIMvycFcc0QRGIzm9dhnDX68E=
google.golang.org/grpc v1.67.1/go.mod h1:1gLDyUQU7CTLJI90u3nXZ9ekeghjeM7pTDZlqFNg2AA=
google.golang.org/protobuf v1.35.1 h1:m3LfL6/Ca+fqnjnlqQXNpFPABW1UD7mjh8KO2mKFytA=
google.golang.org/protobuf v1.35.1/go.mod h1:9fA7Ob0pmnwhb644+1+CVWFRbNajQ6iRojtC/QF5bRE=
gopkg.in/check.v1 v0.0.0-20161208181325-20d25e280405/go.mod h1:Co6ibVJAznAaIkqp8huTwlJQCZ016jof/cbN4VW5Yz0=
gopkg.in/check.v1 v1.0.0-20201130134442-10cb98267c6c h1:Hei/4ADfdWqJk1ZMxUNpqntNwaWcugrBjAiHlqqRiVk=
gopkg.in/check.v1 v1.0.0-20201130134442-10cb98267c6c/go.mod h1:JHkPIbrfpd72SG/EVd6muEfDQjcINNoR0C8j2r3qZ4Q=
gopkg.in/ini.v1 v1.67.0 h1:Dgnx+6+nfE+IfzjUEISNeydPJh9AXNNsWbGP9KzCsOA=
gopkg.in/ini.v1 v1.67.0/go.mod h1:pNLf8WUiyNEtQjuu5G5vTm06TEv9tsIgeAvK8hOrP4k=
gopkg.in/natefinch/lumberjack.v2 v2.2.1 h1:bBRl1b0OH9s/DuPhuXpNl+VtCaJXFZ5/uEFST95x9zc=
gopkg.in/natefinch/lumberjack.v2 v2.2.1/go.mod h1:YD8tP3GAjkrDg1eZH7EGmyESg/lsYskCTPBJVb9jqSc=
gopkg.in/yaml.v3 v3.0.0-20200313102051-9f266ea9e77c/go.mod h1:K4uyk7z7BCEPqu6E+C64Yfv1cQ7kz7rIZviUmN+EgEM=
gopkg.in/yaml.v3 v3.0.1 h1:fxVm/GzAzEWqLHuvctI91KS9hhNmmWOoWu0XTYJS7CA=
gopkg.in/yaml.v3 v3.0.1/go.mod h1:K4uyk7z7BCEPqu6E+C64Yfv1cQ7kz7rIZviUmN+EgEM=
modernc.org/cc/v4 v4.21.4 h1:3Be/Rdo1fpr8GrQ7IVw9OHtplU4gWbb+wNgeoBMmGLQ=
modernc.org/cc/v4 v4.21.4/go.mod h1:HM7VJTZbUCR3rV8EYBi9wxnJ0ZBRiGE5OeGXNA0IsLQ=
modernc.org/ccgo/v4 v4.21.0 h1:kKPI3dF7RIag8YcToh5ZwDcVMIv6VGa0ED5cvh0LMW4=
modernc.org/ccgo/v4 v4.21.0/go.mod h1:h6kt6H/A2+ew/3MW/p6KEoQmrq/i3pr0J/SiwiaF/g0=
modernc.org/fileutil v1.3.0 h1:gQ5SIzK3H9kdfai/5x41oQiKValumqNTDXMvKo62HvE=
modernc.org/fileutil v1.3.0/go.mod h1:XatxS8fZi3pS8/hKG2GH/ArUogfxjpEKs3Ku3aK4JyQ=
modernc.org/gc/v2 v2.5.0 h1:bJ9ChznK1L1mUtAQtxi0wi5AtAs5jQuw4PrPHO5pb6M=
modernc.org/gc/v2 v2.5.0/go.mod h1:wzN5dK1AzVGoH6XOzc3YZ+ey/jPgYHLuVckd62P0GYU=
modernc.org/libc v1.61.0 h1:eGFcvWpqlnoGwzZeZe3PWJkkKbM/3SUGyk1DVZQ0TpE=
modernc.org/libc v1.61.0/go.mod h1:DvxVX89wtGTu+r72MLGhygpfi3aUGgZRdAYGCAVVud0=
modernc.org/mathutil v1.6.0 h1:fRe9+AmYlaej+64JsEEhoWuAYBkOtQiMEU7n/XgfYi4=
modernc.org/mathutil v1.6.0/go.mod h1:Ui5Q9q1TR2gFm0AQRqQUaBWFLAhQpCwNcuhBOSedWPo=
modernc.org/memory v1.8.0 h1:IqGTL6eFMaDZZhEWwcREgeMXYwmW83LYW8cROZYkg+E=
modernc.org/memory v1.8.0/go.mod h1:XPZ936zp5OMKGWPqbD3JShgd/ZoQ7899TUuQqxY+peU=
modernc.org/opt v0.1.3 h1:3XOZf2yznlhC+ibLltsDGzABUGVx8J6pnFMS3E4dcq4=
modernc.org/opt v0.1.3/go.mod h1:WdSiB5evDcignE70guQKxYUl14mgWtbClRi5wmkkTX0=
modernc.org/sortutil v1.2.0 h1:jQiD3PfS2REGJNzNCMMaLSp/wdMNieTbKX920Cqdgqc=
modernc.org/sortutil v1.2.0/go.mod h1:TKU2s7kJMf1AE84OoiGppNHJwvB753OYfNl2WRb++Ss=
modernc.org/strutil v1.2.0 h1:agBi9dp1I+eOnxXeiZawM8F4LawKv4NzGWSaLfyeNZA=
modernc.org/strutil v1.2.0/go.mod h1:/mdcBmfOibveCTBxUl5B5l6W+TTH1FXPLHZE6bTosX0=
modernc.org/token v1.1.0 h1:Xl7Ap9dKaEs5kLoOQeQmPWevfnk/DM5qcLcYlA8ys6Y=
modernc.org/token v1.1.0/go.mod h1:UGzOrNV1mAFSEB63lOFHIpNRUVMvYTc6yu1SMY/XTDM=
